{
  "name": "Portfolio",
  "version": "1.0.0",
  "lockfileVersion": 1,
  "requires": true,
  "dependencies": {
    "sakura.css": {
      "version": "1.0.0",
      "resolved": "https://registry.npmjs.org/sakura.css/-/sakura.css-1.0.0.tgz",
      "integrity": "sha1-0W5nPnp9FrPsQclVW+FS2WDDKbI="
    }
  }
}
